// !$*UTF8*$!
{
	archiveVersion = 1;
	classes = {
	};
	objectVersion = 46;
	objects = {

/* Begin PBXBuildFile section */
		120DDEFE1848795E000590D0 /* MainStoryboard.storyboard in Resources */ = {isa = PBXBuildFile; fileRef = 120DDEFD1848795E000590D0 /* MainStoryboard.storyboard */; };
		120DDF031848AA3A000590D0 /* WMHostInitViewController.m in Sources */ = {isa = PBXBuildFile; fileRef = 120DDF021848AA3A000590D0 /* WMHostInitViewController.m */; };
		120DDF061848BED0000590D0 /* WMPrepareRoomViewController.m in Sources */ = {isa = PBXBuildFile; fileRef = 120DDF051848BED0000590D0 /* WMPrepareRoomViewController.m */; };
		120DDF091848BF9F000590D0 /* WMBlueToothController.m in Sources */ = {isa = PBXBuildFile; fileRef = 120DDF081848BF9F000590D0 /* WMBlueToothController.m */; };
		120DDF0D1848C4C5000590D0 /* WMClient.m in Sources */ = {isa = PBXBuildFile; fileRef = 120DDF0C1848C4C5000590D0 /* WMClient.m */; };
		120DDF171848D602000590D0 /* WMClientView.m in Sources */ = {isa = PBXBuildFile; fileRef = 120DDF161848D602000590D0 /* WMClientView.m */; };
		120DDF1B1848E80A000590D0 /* WMClientDialogViewController.m in Sources */ = {isa = PBXBuildFile; fileRef = 120DDF1A1848E80A000590D0 /* WMClientDialogViewController.m */; };
		120DDF1E1848E8D4000590D0 /* WMClientViewCell.m in Sources */ = {isa = PBXBuildFile; fileRef = 120DDF1D1848E8D4000590D0 /* WMClientViewCell.m */; };
		120DDF2418490676000590D0 /* mb_coin.m4a in Resources */ = {isa = PBXBuildFile; fileRef = 120DDF2318490676000590D0 /* mb_coin.m4a */; };
		120DDF3318491454000590D0 /* app-icon.png in Resources */ = {isa = PBXBuildFile; fileRef = 120DDF2818491454000590D0 /* app-icon.png */; };
		120DDF3418491454000590D0 /* appstore.png in Resources */ = {isa = PBXBuildFile; fileRef = 120DDF2918491454000590D0 /* appstore.png */; };
		120DDF3518491454000590D0 /* appstore@2x.png in Resources */ = {isa = PBXBuildFile; fileRef = 120DDF2A18491454000590D0 /* appstore@2x.png */; };
		120DDF3618491454000590D0 /* howard.png in Resources */ = {isa = PBXBuildFile; fileRef = 120DDF2B18491454000590D0 /* howard.png */; };
		120DDF3718491454000590D0 /* howard@2x.png in Resources */ = {isa = PBXBuildFile; fileRef = 120DDF2C18491454000590D0 /* howard@2x.png */; };
		120DDF3818491454000590D0 /* jason.png in Resources */ = {isa = PBXBuildFile; fileRef = 120DDF2D18491454000590D0 /* jason.png */; };
		120DDF3918491454000590D0 /* jason@2x.png in Resources */ = {isa = PBXBuildFile; fileRef = 120DDF2E18491454000590D0 /* jason@2x.png */; };
		120DDF3A18491454000590D0 /* ray.png in Resources */ = {isa = PBXBuildFile; fileRef = 120DDF2F18491454000590D0 /* ray.png */; };
		120DDF3B18491454000590D0 /* ray@2x.png in Resources */ = {isa = PBXBuildFile; fileRef = 120DDF3018491454000590D0 /* ray@2x.png */; };
		120DDF3C18491454000590D0 /* shao.png in Resources */ = {isa = PBXBuildFile; fileRef = 120DDF3118491454000590D0 /* shao.png */; };
		120DDF3D18491454000590D0 /* shao@2x.png in Resources */ = {isa = PBXBuildFile; fileRef = 120DDF3218491454000590D0 /* shao@2x.png */; };
		120DDF401849151F000590D0 /* WMIntroViewController.m in Sources */ = {isa = PBXBuildFile; fileRef = 120DDF3F1849151F000590D0 /* WMIntroViewController.m */; };
		1252E4FE1848707500F1B345 /* Foundation.framework in Frameworks */ = {isa = PBXBuildFile; fileRef = 1252E4FD1848707500F1B345 /* Foundation.framework */; };
		1252E5001848707500F1B345 /* CoreGraphics.framework in Frameworks */ = {isa = PBXBuildFile; fileRef = 1252E4FF1848707500F1B345 /* CoreGraphics.framework */; };
		1252E5021848707500F1B345 /* UIKit.framework in Frameworks */ = {isa = PBXBuildFile; fileRef = 1252E5011848707500F1B345 /* UIKit.framework */; };
		1252E5081848707500F1B345 /* InfoPlist.strings in Resources */ = {isa = PBXBuildFile; fileRef = 1252E5061848707500F1B345 /* InfoPlist.strings */; };
		1252E50A1848707500F1B345 /* main.m in Sources */ = {isa = PBXBuildFile; fileRef = 1252E5091848707500F1B345 /* main.m */; };
		1252E50E1848707500F1B345 /* WMAppDelegate.m in Sources */ = {isa = PBXBuildFile; fileRef = 1252E50D1848707500F1B345 /* WMAppDelegate.m */; };
		1252E5101848707500F1B345 /* Images.xcassets in Resources */ = {isa = PBXBuildFile; fileRef = 1252E50F1848707500F1B345 /* Images.xcassets */; };
		1252E5171848707500F1B345 /* XCTest.framework in Frameworks */ = {isa = PBXBuildFile; fileRef = 1252E5161848707500F1B345 /* XCTest.framework */; };
		1252E5181848707500F1B345 /* Foundation.framework in Frameworks */ = {isa = PBXBuildFile; fileRef = 1252E4FD1848707500F1B345 /* Foundation.framework */; };
		1252E5191848707500F1B345 /* UIKit.framework in Frameworks */ = {isa = PBXBuildFile; fileRef = 1252E5011848707500F1B345 /* UIKit.framework */; };
		1252E5211848707500F1B345 /* InfoPlist.strings in Resources */ = {isa = PBXBuildFile; fileRef = 1252E51F1848707500F1B345 /* InfoPlist.strings */; };
		1252E5231848707500F1B345 /* PepsiTests.m in Sources */ = {isa = PBXBuildFile; fileRef = 1252E5221848707500F1B345 /* PepsiTests.m */; };
		F6139CDC48BD411A9A59DD09 /* libPods.a in Frameworks */ = {isa = PBXBuildFile; fileRef = 7D1FAA1E2E304C8D97151BF1 /* libPods.a */; };
/* End PBXBuildFile section */

/* Begin PBXContainerItemProxy section */
		1252E51A1848707500F1B345 /* PBXContainerItemProxy */ = {
			isa = PBXContainerItemProxy;
			containerPortal = 1252E4F21848707500F1B345 /* Project object */;
			proxyType = 1;
			remoteGlobalIDString = 1252E4F91848707500F1B345;
			remoteInfo = Pepsi;
		};
/* End PBXContainerItemProxy section */

/* Begin PBXFileReference section */
		120DDEFD1848795E000590D0 /* MainStoryboard.storyboard */ = {isa = PBXFileReference; fileEncoding = 4; lastKnownFileType = file.storyboard; path = MainStoryboard.storyboard; sourceTree = "<group>"; };
		120DDF011848AA3A000590D0 /* WMHostInitViewController.h */ = {isa = PBXFileReference; fileEncoding = 4; lastKnownFileType = sourcecode.c.h; path = WMHostInitViewController.h; sourceTree = "<group>"; };
		120DDF021848AA3A000590D0 /* WMHostInitViewController.m */ = {isa = PBXFileReference; fileEncoding = 4; lastKnownFileType = sourcecode.c.objc; path = WMHostInitViewController.m; sourceTree = "<group>"; };
		120DDF041848BED0000590D0 /* WMPrepareRoomViewController.h */ = {isa = PBXFileReference; fileEncoding = 4; lastKnownFileType = sourcecode.c.h; path = WMPrepareRoomViewController.h; sourceTree = "<group>"; };
		120DDF051848BED0000590D0 /* WMPrepareRoomViewController.m */ = {isa = PBXFileReference; fileEncoding = 4; lastKnownFileType = sourcecode.c.objc; path = WMPrepareRoomViewController.m; sourceTree = "<group>"; };
		120DDF071848BF9F000590D0 /* WMBlueToothController.h */ = {isa = PBXFileReference; fileEncoding = 4; lastKnownFileType = sourcecode.c.h; path = WMBlueToothController.h; sourceTree = "<group>"; };
		120DDF081848BF9F000590D0 /* WMBlueToothController.m */ = {isa = PBXFileReference; fileEncoding = 4; lastKnownFileType = sourcecode.c.objc; path = WMBlueToothController.m; sourceTree = "<group>"; };
		120DDF0B1848C4C5000590D0 /* WMClient.h */ = {isa = PBXFileReference; fileEncoding = 4; lastKnownFileType = sourcecode.c.h; path = WMClient.h; sourceTree = "<group>"; };
		120DDF0C1848C4C5000590D0 /* WMClient.m */ = {isa = PBXFileReference; fileEncoding = 4; lastKnownFileType = sourcecode.c.objc; path = WMClient.m; sourceTree = "<group>"; };
		120DDF151848D602000590D0 /* WMClientView.h */ = {isa = PBXFileReference; fileEncoding = 4; lastKnownFileType = sourcecode.c.h; path = WMClientView.h; sourceTree = "<group>"; };
		120DDF161848D602000590D0 /* WMClientView.m */ = {isa = PBXFileReference; fileEncoding = 4; lastKnownFileType = sourcecode.c.objc; path = WMClientView.m; sourceTree = "<group>"; };
		120DDF191848E80A000590D0 /* WMClientDialogViewController.h */ = {isa = PBXFileReference; fileEncoding = 4; lastKnownFileType = sourcecode.c.h; path = WMClientDialogViewController.h; sourceTree = "<group>"; };
		120DDF1A1848E80A000590D0 /* WMClientDialogViewController.m */ = {isa = PBXFileReference; fileEncoding = 4; lastKnownFileType = sourcecode.c.objc; path = WMClientDialogViewController.m; sourceTree = "<group>"; };
		120DDF1C1848E8D4000590D0 /* WMClientViewCell.h */ = {isa = PBXFileReference; fileEncoding = 4; lastKnownFileType = sourcecode.c.h; path = WMClientViewCell.h; sourceTree = "<group>"; };
		120DDF1D1848E8D4000590D0 /* WMClientViewCell.m */ = {isa = PBXFileReference; fileEncoding = 4; lastKnownFileType = sourcecode.c.objc; path = WMClientViewCell.m; sourceTree = "<group>"; };
		120DDF2318490676000590D0 /* mb_coin.m4a */ = {isa = PBXFileReference; lastKnownFileType = file; path = mb_coin.m4a; sourceTree = "<group>"; };
		120DDF2818491454000590D0 /* app-icon.png */ = {isa = PBXFileReference; lastKnownFileType = image.png; path = "app-icon.png"; sourceTree = "<group>"; };
		120DDF2918491454000590D0 /* appstore.png */ = {isa = PBXFileReference; lastKnownFileType = image.png; path = appstore.png; sourceTree = "<group>"; };
		120DDF2A18491454000590D0 /* appstore@2x.png */ = {isa = PBXFileReference; lastKnownFileType = image.png; path = "appstore@2x.png"; sourceTree = "<group>"; };
		120DDF2B18491454000590D0 /* howard.png */ = {isa = PBXFileReference; lastKnownFileType = image.png; path = howard.png; sourceTree = "<group>"; };
		120DDF2C18491454000590D0 /* howard@2x.png */ = {isa = PBXFileReference; lastKnownFileType = image.png; path = "howard@2x.png"; sourceTree = "<group>"; };
		120DDF2D18491454000590D0 /* jason.png */ = {isa = PBXFileReference; lastKnownFileType = image.png; path = jason.png; sourceTree = "<group>"; };
		120DDF2E18491454000590D0 /* jason@2x.png */ = {isa = PBXFileReference; lastKnownFileType = image.png; path = "jason@2x.png"; sourceTree = "<group>"; };
		120DDF2F18491454000590D0 /* ray.png */ = {isa = PBXFileReference; lastKnownFileType = image.png; path = ray.png; sourceTree = "<group>"; };
		120DDF3018491454000590D0 /* ray@2x.png */ = {isa = PBXFileReference; lastKnownFileType = image.png; path = "ray@2x.png"; sourceTree = "<group>"; };
		120DDF3118491454000590D0 /* shao.png */ = {isa = PBXFileReference; lastKnownFileType = image.png; path = shao.png; sourceTree = "<group>"; };
		120DDF3218491454000590D0 /* shao@2x.png */ = {isa = PBXFileReference; lastKnownFileType = image.png; path = "shao@2x.png"; sourceTree = "<group>"; };
		120DDF3E1849151F000590D0 /* WMIntroViewController.h */ = {isa = PBXFileReference; fileEncoding = 4; lastKnownFileType = sourcecode.c.h; path = WMIntroViewController.h; sourceTree = "<group>"; };
		120DDF3F1849151F000590D0 /* WMIntroViewController.m */ = {isa = PBXFileReference; fileEncoding = 4; lastKnownFileType = sourcecode.c.objc; path = WMIntroViewController.m; sourceTree = "<group>"; };
		1252E4FA1848707500F1B345 /* Winner.app */ = {isa = PBXFileReference; explicitFileType = wrapper.application; includeInIndex = 0; path = Winner.app; sourceTree = BUILT_PRODUCTS_DIR; };
		1252E4FD1848707500F1B345 /* Foundation.framework */ = {isa = PBXFileReference; lastKnownFileType = wrapper.framework; name = Foundation.framework; path = System/Library/Frameworks/Foundation.framework; sourceTree = SDKROOT; };
		1252E4FF1848707500F1B345 /* CoreGraphics.framework */ = {isa = PBXFileReference; lastKnownFileType = wrapper.framework; name = CoreGraphics.framework; path = System/Library/Frameworks/CoreGraphics.framework; sourceTree = SDKROOT; };
		1252E5011848707500F1B345 /* UIKit.framework */ = {isa = PBXFileReference; lastKnownFileType = wrapper.framework; name = UIKit.framework; path = System/Library/Frameworks/UIKit.framework; sourceTree = SDKROOT; };
		1252E5051848707500F1B345 /* Pepsi-Info.plist */ = {isa = PBXFileReference; lastKnownFileType = text.plist.xml; path = "Pepsi-Info.plist"; sourceTree = "<group>"; };
		1252E5071848707500F1B345 /* en */ = {isa = PBXFileReference; lastKnownFileType = text.plist.strings; name = en; path = en.lproj/InfoPlist.strings; sourceTree = "<group>"; };
		1252E5091848707500F1B345 /* main.m */ = {isa = PBXFileReference; lastKnownFileType = sourcecode.c.objc; path = main.m; sourceTree = "<group>"; };
		1252E50B1848707500F1B345 /* Pepsi-Prefix.pch */ = {isa = PBXFileReference; lastKnownFileType = sourcecode.c.h; path = "Pepsi-Prefix.pch"; sourceTree = "<group>"; };
		1252E50C1848707500F1B345 /* WMAppDelegate.h */ = {isa = PBXFileReference; lastKnownFileType = sourcecode.c.h; path = WMAppDelegate.h; sourceTree = "<group>"; };
		1252E50D1848707500F1B345 /* WMAppDelegate.m */ = {isa = PBXFileReference; lastKnownFileType = sourcecode.c.objc; path = WMAppDelegate.m; sourceTree = "<group>"; };
		1252E50F1848707500F1B345 /* Images.xcassets */ = {isa = PBXFileReference; lastKnownFileType = folder.assetcatalog; path = Images.xcassets; sourceTree = "<group>"; };
		1252E5151848707500F1B345 /* PepsiTests.xctest */ = {isa = PBXFileReference; explicitFileType = wrapper.cfbundle; includeInIndex = 0; path = PepsiTests.xctest; sourceTree = BUILT_PRODUCTS_DIR; };
		1252E5161848707500F1B345 /* XCTest.framework */ = {isa = PBXFileReference; lastKnownFileType = wrapper.framework; name = XCTest.framework; path = Library/Frameworks/XCTest.framework; sourceTree = DEVELOPER_DIR; };
		1252E51E1848707500F1B345 /* PepsiTests-Info.plist */ = {isa = PBXFileReference; lastKnownFileType = text.plist.xml; path = "PepsiTests-Info.plist"; sourceTree = "<group>"; };
		1252E5201848707500F1B345 /* en */ = {isa = PBXFileReference; lastKnownFileType = text.plist.strings; name = en; path = en.lproj/InfoPlist.strings; sourceTree = "<group>"; };
		1252E5221848707500F1B345 /* PepsiTests.m */ = {isa = PBXFileReference; lastKnownFileType = sourcecode.c.objc; path = PepsiTests.m; sourceTree = "<group>"; };
		7D1FAA1E2E304C8D97151BF1 /* libPods.a */ = {isa = PBXFileReference; explicitFileType = archive.ar; includeInIndex = 0; path = libPods.a; sourceTree = BUILT_PRODUCTS_DIR; };
		90208437C328444D918442FA /* Pods.xcconfig */ = {isa = PBXFileReference; includeInIndex = 1; lastKnownFileType = text.xcconfig; name = Pods.xcconfig; path = Pods/Pods.xcconfig; sourceTree = "<group>"; };
/* End PBXFileReference section */

/* Begin PBXFrameworksBuildPhase section */
		1252E4F71848707500F1B345 /* Frameworks */ = {
			isa = PBXFrameworksBuildPhase;
			buildActionMask = 2147483647;
			files = (
				1252E5001848707500F1B345 /* CoreGraphics.framework in Frameworks */,
				1252E5021848707500F1B345 /* UIKit.framework in Frameworks */,
				1252E4FE1848707500F1B345 /* Foundation.framework in Frameworks */,
				F6139CDC48BD411A9A59DD09 /* libPods.a in Frameworks */,
			);
			runOnlyForDeploymentPostprocessing = 0;
		};
		1252E5121848707500F1B345 /* Frameworks */ = {
			isa = PBXFrameworksBuildPhase;
			buildActionMask = 2147483647;
			files = (
				1252E5171848707500F1B345 /* XCTest.framework in Frameworks */,
				1252E5191848707500F1B345 /* UIKit.framework in Frameworks */,
				1252E5181848707500F1B345 /* Foundation.framework in Frameworks */,
			);
			runOnlyForDeploymentPostprocessing = 0;
		};
/* End PBXFrameworksBuildPhase section */

/* Begin PBXGroup section */
		120DDEFC18487946000590D0 /* View */ = {
			isa = PBXGroup;
			children = (
				120DDEFD1848795E000590D0 /* MainStoryboard.storyboard */,
				120DDF151848D602000590D0 /* WMClientView.h */,
				120DDF161848D602000590D0 /* WMClientView.m */,
				120DDF1C1848E8D4000590D0 /* WMClientViewCell.h */,
				120DDF1D1848E8D4000590D0 /* WMClientViewCell.m */,
			);
			name = View;
			sourceTree = "<group>";
		};
		120DDF001848AA1F000590D0 /* View Controller */ = {
			isa = PBXGroup;
			children = (
				120DDF011848AA3A000590D0 /* WMHostInitViewController.h */,
				120DDF021848AA3A000590D0 /* WMHostInitViewController.m */,
				120DDF041848BED0000590D0 /* WMPrepareRoomViewController.h */,
				120DDF051848BED0000590D0 /* WMPrepareRoomViewController.m */,
				120DDF191848E80A000590D0 /* WMClientDialogViewController.h */,
				120DDF1A1848E80A000590D0 /* WMClientDialogViewController.m */,
				120DDF3E1849151F000590D0 /* WMIntroViewController.h */,
				120DDF3F1849151F000590D0 /* WMIntroViewController.m */,
			);
			name = "View Controller";
			sourceTree = "<group>";
		};
		120DDF0A1848BFAA000590D0 /* Model */ = {
			isa = PBXGroup;
			children = (
				120DDF071848BF9F000590D0 /* WMBlueToothController.h */,
				120DDF081848BF9F000590D0 /* WMBlueToothController.m */,
				120DDF0B1848C4C5000590D0 /* WMClient.h */,
				120DDF0C1848C4C5000590D0 /* WMClient.m */,
			);
			name = Model;
			sourceTree = "<group>";
		};
		120DDF181848D764000590D0 /* Images */ = {
			isa = PBXGroup;
			children = (
				120DDF2818491454000590D0 /* app-icon.png */,
				120DDF2918491454000590D0 /* appstore.png */,
				120DDF2A18491454000590D0 /* appstore@2x.png */,
				120DDF2B18491454000590D0 /* howard.png */,
				120DDF2C18491454000590D0 /* howard@2x.png */,
				120DDF2D18491454000590D0 /* jason.png */,
				120DDF2E18491454000590D0 /* jason@2x.png */,
				120DDF2F18491454000590D0 /* ray.png */,
				120DDF3018491454000590D0 /* ray@2x.png */,
				120DDF3118491454000590D0 /* shao.png */,
				120DDF3218491454000590D0 /* shao@2x.png */,
			);
			name = Images;
			sourceTree = "<group>";
		};
		120DDF1F18490399000590D0 /* Music */ = {
			isa = PBXGroup;
			children = (
				120DDF2318490676000590D0 /* mb_coin.m4a */,
			);
			name = Music;
			sourceTree = "<group>";
		};
		1252E4F11848707500F1B345 = {
			isa = PBXGroup;
			children = (
				1252E5031848707500F1B345 /* Pepsi */,
				1252E51C1848707500F1B345 /* PepsiTests */,
				1252E4FC1848707500F1B345 /* Frameworks */,
				1252E4FB1848707500F1B345 /* Products */,
				90208437C328444D918442FA /* Pods.xcconfig */,
			);
			sourceTree = "<group>";
		};
		1252E4FB1848707500F1B345 /* Products */ = {
			isa = PBXGroup;
			children = (
				1252E4FA1848707500F1B345 /* Winner.app */,
				1252E5151848707500F1B345 /* PepsiTests.xctest */,
			);
			name = Products;
			sourceTree = "<group>";
		};
		1252E4FC1848707500F1B345 /* Frameworks */ = {
			isa = PBXGroup;
			children = (
				1252E4FD1848707500F1B345 /* Foundation.framework */,
				1252E4FF1848707500F1B345 /* CoreGraphics.framework */,
				1252E5011848707500F1B345 /* UIKit.framework */,
				1252E5161848707500F1B345 /* XCTest.framework */,
				7D1FAA1E2E304C8D97151BF1 /* libPods.a */,
			);
			name = Frameworks;
			sourceTree = "<group>";
		};
		1252E5031848707500F1B345 /* Pepsi */ = {
			isa = PBXGroup;
			children = (
				120DDF0A1848BFAA000590D0 /* Model */,
				120DDF001848AA1F000590D0 /* View Controller */,
				120DDEFC18487946000590D0 /* View */,
				1252E50C1848707500F1B345 /* WMAppDelegate.h */,
				1252E50D1848707500F1B345 /* WMAppDelegate.m */,
				1252E50F1848707500F1B345 /* Images.xcassets */,
				1252E5041848707500F1B345 /* Supporting Files */,
			);
			path = Pepsi;
			sourceTree = "<group>";
		};
		1252E5041848707500F1B345 /* Supporting Files */ = {
			isa = PBXGroup;
			children = (
				120DDF1F18490399000590D0 /* Music */,
				120DDF181848D764000590D0 /* Images */,
				1252E5051848707500F1B345 /* Pepsi-Info.plist */,
				1252E5061848707500F1B345 /* InfoPlist.strings */,
				1252E5091848707500F1B345 /* main.m */,
				1252E50B1848707500F1B345 /* Pepsi-Prefix.pch */,
			);
			name = "Supporting Files";
			sourceTree = "<group>";
		};
		1252E51C1848707500F1B345 /* PepsiTests */ = {
			isa = PBXGroup;
			children = (
				1252E5221848707500F1B345 /* PepsiTests.m */,
				1252E51D1848707500F1B345 /* Supporting Files */,
			);
			path = PepsiTests;
			sourceTree = "<group>";
		};
		1252E51D1848707500F1B345 /* Supporting Files */ = {
			isa = PBXGroup;
			children = (
				1252E51E1848707500F1B345 /* PepsiTests-Info.plist */,
				1252E51F1848707500F1B345 /* InfoPlist.strings */,
			);
			name = "Supporting Files";
			sourceTree = "<group>";
		};
/* End PBXGroup section */

/* Begin PBXNativeTarget section */
		1252E4F91848707500F1B345 /* Pepsi */ = {
			isa = PBXNativeTarget;
			buildConfigurationList = 1252E5261848707500F1B345 /* Build configuration list for PBXNativeTarget "Pepsi" */;
			buildPhases = (
				26B7600D3C5E462292133F59 /* Check Pods Manifest.lock */,
				1252E4F61848707500F1B345 /* Sources */,
				1252E4F71848707500F1B345 /* Frameworks */,
				1252E4F81848707500F1B345 /* Resources */,
				46B683E35F004E42A703B854 /* Copy Pods Resources */,
			);
			buildRules = (
			);
			dependencies = (
			);
			name = Pepsi;
			productName = Pepsi;
			productReference = 1252E4FA1848707500F1B345 /* Winner.app */;
			productType = "com.apple.product-type.application";
		};
		1252E5141848707500F1B345 /* PepsiTests */ = {
			isa = PBXNativeTarget;
			buildConfigurationList = 1252E5291848707500F1B345 /* Build configuration list for PBXNativeTarget "PepsiTests" */;
			buildPhases = (
				1252E5111848707500F1B345 /* Sources */,
				1252E5121848707500F1B345 /* Frameworks */,
				1252E5131848707500F1B345 /* Resources */,
			);
			buildRules = (
			);
			dependencies = (
				1252E51B1848707500F1B345 /* PBXTargetDependency */,
			);
			name = PepsiTests;
			productName = PepsiTests;
			productReference = 1252E5151848707500F1B345 /* PepsiTests.xctest */;
			productType = "com.apple.product-type.bundle.unit-test";
		};
/* End PBXNativeTarget section */

/* Begin PBXProject section */
		1252E4F21848707500F1B345 /* Project object */ = {
			isa = PBXProject;
			attributes = {
				CLASSPREFIX = WM;
				LastUpgradeCheck = 0500;
				ORGANIZATIONNAME = WOOMOO;
				TargetAttributes = {
					1252E5141848707500F1B345 = {
						TestTargetID = 1252E4F91848707500F1B345;
					};
				};
			};
			buildConfigurationList = 1252E4F51848707500F1B345 /* Build configuration list for PBXProject "Pepsi" */;
			compatibilityVersion = "Xcode 3.2";
			developmentRegion = English;
			hasScannedForEncodings = 0;
			knownRegions = (
				en,
			);
			mainGroup = 1252E4F11848707500F1B345;
			productRefGroup = 1252E4FB1848707500F1B345 /* Products */;
			projectDirPath = "";
			projectRoot = "";
			targets = (
				1252E4F91848707500F1B345 /* Pepsi */,
				1252E5141848707500F1B345 /* PepsiTests */,
			);
		};
/* End PBXProject section */

/* Begin PBXResourcesBuildPhase section */
		1252E4F81848707500F1B345 /* Resources */ = {
			isa = PBXResourcesBuildPhase;
			buildActionMask = 2147483647;
			files = (
				120DDF3918491454000590D0 /* jason@2x.png in Resources */,
				120DDEFE1848795E000590D0 /* MainStoryboard.storyboard in Resources */,
				120DDF3418491454000590D0 /* appstore.png in Resources */,
				120DDF3B18491454000590D0 /* ray@2x.png in Resources */,
				120DDF3618491454000590D0 /* howard.png in Resources */,
				120DDF3818491454000590D0 /* jason.png in Resources */,
				1252E5081848707500F1B345 /* InfoPlist.strings in Resources */,
				120DDF3A18491454000590D0 /* ray.png in Resources */,
				1252E5101848707500F1B345 /* Images.xcassets in Resources */,
				120DDF3D18491454000590D0 /* shao@2x.png in Resources */,
				120DDF3318491454000590D0 /* app-icon.png in Resources */,
				120DDF3C18491454000590D0 /* shao.png in Resources */,
				120DDF3518491454000590D0 /* appstore@2x.png in Resources */,
				120DDF2418490676000590D0 /* mb_coin.m4a in Resources */,
				120DDF3718491454000590D0 /* howard@2x.png in Resources */,
			);
			runOnlyForDeploymentPostprocessing = 0;
		};
		1252E5131848707500F1B345 /* Resources */ = {
			isa = PBXResourcesBuildPhase;
			buildActionMask = 2147483647;
			files = (
				1252E5211848707500F1B345 /* InfoPlist.strings in Resources */,
			);
			runOnlyForDeploymentPostprocessing = 0;
		};
/* End PBXResourcesBuildPhase section */

/* Begin PBXShellScriptBuildPhase section */
		26B7600D3C5E462292133F59 /* Check Pods Manifest.lock */ = {
			isa = PBXShellScriptBuildPhase;
			buildActionMask = 2147483647;
			files = (
			);
			inputPaths = (
			);
			name = "Check Pods Manifest.lock";
			outputPaths = (
			);
			runOnlyForDeploymentPostprocessing = 0;
			shellPath = /bin/sh;
			shellScript = "diff \"${PODS_ROOT}/../Podfile.lock\" \"${PODS_ROOT}/Manifest.lock\" > /dev/null\nif [[ $? != 0 ]] ; then\n    cat << EOM\nerror: The sandbox is not in sync with the Podfile.lock. Run 'pod install' or update your CocoaPods installation.\nEOM\n    exit 1\nfi\n";
			showEnvVarsInLog = 0;
		};
		46B683E35F004E42A703B854 /* Copy Pods Resources */ = {
			isa = PBXShellScriptBuildPhase;
			buildActionMask = 2147483647;
			files = (
			);
			inputPaths = (
			);
			name = "Copy Pods Resources";
			outputPaths = (
			);
			runOnlyForDeploymentPostprocessing = 0;
			shellPath = /bin/sh;
			shellScript = "\"${SRCROOT}/Pods/Pods-resources.sh\"\n";
			showEnvVarsInLog = 0;
		};
/* End PBXShellScriptBuildPhase section */

/* Begin PBXSourcesBuildPhase section */
		1252E4F61848707500F1B345 /* Sources */ = {
			isa = PBXSourcesBuildPhase;
			buildActionMask = 2147483647;
			files = (
				1252E50E1848707500F1B345 /* WMAppDelegate.m in Sources */,
				120DDF401849151F000590D0 /* WMIntroViewController.m in Sources */,
				120DDF031848AA3A000590D0 /* WMHostInitViewController.m in Sources */,
				120DDF0D1848C4C5000590D0 /* WMClient.m in Sources */,
				120DDF1B1848E80A000590D0 /* WMClientDialogViewController.m in Sources */,
				120DDF1E1848E8D4000590D0 /* WMClientViewCell.m in Sources */,
				1252E50A1848707500F1B345 /* main.m in Sources */,
				120DDF091848BF9F000590D0 /* WMBlueToothController.m in Sources */,
				120DDF061848BED0000590D0 /* WMPrepareRoomViewController.m in Sources */,
				120DDF171848D602000590D0 /* WMClientView.m in Sources */,
			);
			runOnlyForDeploymentPostprocessing = 0;
		};
		1252E5111848707500F1B345 /* Sources */ = {
			isa = PBXSourcesBuildPhase;
			buildActionMask = 2147483647;
			files = (
				1252E5231848707500F1B345 /* PepsiTests.m in Sources */,
			);
			runOnlyForDeploymentPostprocessing = 0;
		};
/* End PBXSourcesBuildPhase section */

/* Begin PBXTargetDependency section */
		1252E51B1848707500F1B345 /* PBXTargetDependency */ = {
			isa = PBXTargetDependency;
			target = 1252E4F91848707500F1B345 /* Pepsi */;
			targetProxy = 1252E51A1848707500F1B345 /* PBXContainerItemProxy */;
		};
/* End PBXTargetDependency section */

/* Begin PBXVariantGroup section */
		1252E5061848707500F1B345 /* InfoPlist.strings */ = {
			isa = PBXVariantGroup;
			children = (
				1252E5071848707500F1B345 /* en */,
			);
			name = InfoPlist.strings;
			sourceTree = "<group>";
		};
		1252E51F1848707500F1B345 /* InfoPlist.strings */ = {
			isa = PBXVariantGroup;
			children = (
				1252E5201848707500F1B345 /* en */,
			);
			name = InfoPlist.strings;
			sourceTree = "<group>";
		};
/* End PBXVariantGroup section */

/* Begin XCBuildConfiguration section */
		1252E5241848707500F1B345 /* Debug */ = {
			isa = XCBuildConfiguration;
			buildSettings = {
				ALWAYS_SEARCH_USER_PATHS = NO;
				ARCHS = "$(ARCHS_STANDARD_INCLUDING_64_BIT)";
				CLANG_CXX_LANGUAGE_STANDARD = "gnu++0x";
				CLANG_CXX_LIBRARY = "libc++";
				CLANG_ENABLE_MODULES = YES;
				CLANG_ENABLE_OBJC_ARC = YES;
				CLANG_WARN_BOOL_CONVERSION = YES;
				CLANG_WARN_CONSTANT_CONVERSION = YES;
				CLANG_WARN_DIRECT_OBJC_ISA_USAGE = YES_ERROR;
				CLANG_WARN_EMPTY_BODY = YES;
				CLANG_WARN_ENUM_CONVERSION = YES;
				CLANG_WARN_INT_CONVERSION = YES;
				CLANG_WARN_OBJC_ROOT_CLASS = YES_ERROR;
				CLANG_WARN__DUPLICATE_METHOD_MATCH = YES;
				"CODE_SIGN_IDENTITY[sdk=iphoneos*]" = "iPhone Developer";
				COPY_PHASE_STRIP = NO;
				GCC_C_LANGUAGE_STANDARD = gnu99;
				GCC_DYNAMIC_NO_PIC = NO;
				GCC_OPTIMIZATION_LEVEL = 0;
				GCC_PREPROCESSOR_DEFINITIONS = (
					"DEBUG=1",
					"$(inherited)",
				);
				GCC_SYMBOLS_PRIVATE_EXTERN = NO;
				GCC_WARN_64_TO_32_BIT_CONVERSION = YES;
				GCC_WARN_ABOUT_RETURN_TYPE = YES_ERROR;
				GCC_WARN_UNDECLARED_SELECTOR = YES;
				GCC_WARN_UNINITIALIZED_AUTOS = YES;
				GCC_WARN_UNUSED_FUNCTION = YES;
				GCC_WARN_UNUSED_VARIABLE = YES;
				IPHONEOS_DEPLOYMENT_TARGET = 7.0;
				ONLY_ACTIVE_ARCH = YES;
				SDKROOT = iphoneos;
				TARGETED_DEVICE_FAMILY = "1,2";
			};
			name = Debug;
		};
		1252E5251848707500F1B345 /* Release */ = {
			isa = XCBuildConfiguration;
			buildSettings = {
				ALWAYS_SEARCH_USER_PATHS = NO;
				ARCHS = "$(ARCHS_STANDARD_INCLUDING_64_BIT)";
				CLANG_CXX_LANGUAGE_STANDARD = "gnu++0x";
				CLANG_CXX_LIBRARY = "libc++";
				CLANG_ENABLE_MODULES = YES;
				CLANG_ENABLE_OBJC_ARC = YES;
				CLANG_WARN_BOOL_CONVERSION = YES;
				CLANG_WARN_CONSTANT_CONVERSION = YES;
				CLANG_WARN_DIRECT_OBJC_ISA_USAGE = YES_ERROR;
				CLANG_WARN_EMPTY_BODY = YES;
				CLANG_WARN_ENUM_CONVERSION = YES;
				CLANG_WARN_INT_CONVERSION = YES;
				CLANG_WARN_OBJC_ROOT_CLASS = YES_ERROR;
				CLANG_WARN__DUPLICATE_METHOD_MATCH = YES;
				"CODE_SIGN_IDENTITY[sdk=iphoneos*]" = "iPhone Developer";
				COPY_PHASE_STRIP = YES;
				ENABLE_NS_ASSERTIONS = NO;
				GCC_C_LANGUAGE_STANDARD = gnu99;
				GCC_WARN_64_TO_32_BIT_CONVERSION = YES;
				GCC_WARN_ABOUT_RETURN_TYPE = YES_ERROR;
				GCC_WARN_UNDECLARED_SELECTOR = YES;
				GCC_WARN_UNINITIALIZED_AUTOS = YES;
				GCC_WARN_UNUSED_FUNCTION = YES;
				GCC_WARN_UNUSED_VARIABLE = YES;
				IPHONEOS_DEPLOYMENT_TARGET = 7.0;
				SDKROOT = iphoneos;
				TARGETED_DEVICE_FAMILY = "1,2";
				VALIDATE_PRODUCT = YES;
			};
			name = Release;
		};
		1252E5271848707500F1B345 /* Debug */ = {
			isa = XCBuildConfiguration;
			baseConfigurationReference = 90208437C328444D918442FA /* Pods.xcconfig */;
			buildSettings = {
				ASSETCATALOG_COMPILER_LAUNCHIMAGE_NAME = LaunchImage;
				GCC_PRECOMPILE_PREFIX_HEADER = YES;
				GCC_PREFIX_HEADER = "Pepsi/Pepsi-Prefix.pch";
				INFOPLIST_FILE = "Pepsi/Pepsi-Info.plist";
				PRODUCT_NAME = Winner;
				WRAPPER_EXTENSION = app;
			};
			name = Debug;
		};
		1252E5281848707500F1B345 /* Release */ = {
			isa = XCBuildConfiguration;
			baseConfigurationReference = 90208437C328444D918442FA /* Pods.xcconfig */;
			buildSettings = {
				ASSETCATALOG_COMPILER_LAUNCHIMAGE_NAME = LaunchImage;
				GCC_PRECOMPILE_PREFIX_HEADER = YES;
				GCC_PREFIX_HEADER = "Pepsi/Pepsi-Prefix.pch";
				INFOPLIST_FILE = "Pepsi/Pepsi-Info.plist";
				PRODUCT_NAME = Winner;
				WRAPPER_EXTENSION = app;
			};
			name = Release;
		};
		1252E52A1848707500F1B345 /* Debug */ = {
			isa = XCBuildConfiguration;
			buildSettings = {
				ARCHS = "$(ARCHS_STANDARD_INCLUDING_64_BIT)";
				BUNDLE_LOADER = "$(BUILT_PRODUCTS_DIR)/Pepsi.app/Pepsi";
				FRAMEWORK_SEARCH_PATHS = (
					"$(SDKROOT)/Developer/Library/Frameworks",
					"$(inherited)",
					"$(DEVELOPER_FRAMEWORKS_DIR)",
				);
				GCC_PRECOMPILE_PREFIX_HEADER = YES;
				GCC_PREFIX_HEADER = "Pepsi/Pepsi-Prefix.pch";
				GCC_PREPROCESSOR_DEFINITIONS = (
					"DEBUG=1",
					"$(inherited)",
				);
				INFOPLIST_FILE = "PepsiTests/PepsiTests-Info.plist";
				PRODUCT_NAME = "$(TARGET_NAME)";
				TEST_HOST = "$(BUNDLE_LOADER)";
				WRAPPER_EXTENSION = xctest;
			};
			name = Debug;
		};
		1252E52B1848707500F1B345 /* Release */ = {
			isa = XCBuildConfiguration;
			buildSettings = {
				ARCHS = "$(ARCHS_STANDARD_INCLUDING_64_BIT)";
				BUNDLE_LOADER = "$(BUILT_PRODUCTS_DIR)/Pepsi.app/Pepsi";
				FRAMEWORK_SEARCH_PATHS = (
					"$(SDKROOT)/Developer/Library/Frameworks",
					"$(inherited)",
					"$(DEVELOPER_FRAMEWORKS_DIR)",
				);
				GCC_PRECOMPILE_PREFIX_HEADER = YES;
				GCC_PREFIX_HEADER = "Pepsi/Pepsi-Prefix.pch";
				INFOPLIST_FILE = "PepsiTests/PepsiTests-Info.plist";
				PRODUCT_NAME = "$(TARGET_NAME)";
				TEST_HOST = "$(BUNDLE_LOADER)";
				WRAPPER_EXTENSION = xctest;
			};
			name = Release;
		};
/* End XCBuildConfiguration section */

/* Begin XCConfigurationList section */
		1252E4F51848707500F1B345 /* Build configuration list for PBXProject "Pepsi" */ = {
			isa = XCConfigurationList;
			buildConfigurations = (
				1252E5241848707500F1B345 /* Debug */,
				1252E5251848707500F1B345 /* Release */,
			);
			defaultConfigurationIsVisible = 0;
			defaultConfigurationName = Release;
		};
		1252E5261848707500F1B345 /* Build configuration list for PBXNativeTarget "Pepsi" */ = {
			isa = XCConfigurationList;
			buildConfigurations = (
				1252E5271848707500F1B345 /* Debug */,
				1252E5281848707500F1B345 /* Release */,
			);
			defaultConfigurationIsVisible = 0;
			defaultConfigurationName = Release;
		};
		1252E5291848707500F1B345 /* Build configuration list for PBXNativeTarget "PepsiTests" */ = {
			isa = XCConfigurationList;
			buildConfigurations = (
				1252E52A1848707500F1B345 /* Debug */,
				1252E52B1848707500F1B345 /* Release */,
			);
			defaultConfigurationIsVisible = 0;
			defaultConfigurationName = Release;
		};
/* End XCConfigurationList section */
	};
	rootObject = 1252E4F21848707500F1B345 /* Project object */;
}
